
Microsoft Visual Studio Solution File, Format Version 12.00
# Visual Studio Version 17
VisualStudioVersion = 17.7.34024.191
MinimumVisualStudioVersion = 10.0.40219.1
Project("{FAE04EC0-301F-11D3-BF4B-00C04F79EFBC}") = "Polymorphism", "Polymorphism\Polymorphism.csproj", "{23781A35-D25A-4548-B126-BEDEC4E3DA14}"
EndProject
Global
	GlobalSection(SolutionConfigurationPlatforms) = preSolution
		Debug|Any CPU = Debug|Any CPU
		Release|Any CPU = Release|Any CPU
	EndGlobalSection
	GlobalSection(ProjectConfigurationPlatforms) = postSolution
		{23781A35-D25A-4548-B126-BEDEC4E3DA14}.Debug|Any CPU.ActiveCfg = Debug|Any CPU
		{23781A35-D25A-4548-B126-BEDEC4E3DA14}.Debug|Any CPU.Build.0 = Debug|Any CPU
		{23781A35-D25A-4548-B126-BEDEC4E3DA14}.Release|Any CPU.ActiveCfg = Release|Any CPU
		{23781A35-D25A-4548-B126-BEDEC4E3DA14}.Release|Any CPU.Build.0 = Release|Any CPU
	EndGlobalSection
	GlobalSection(SolutionProperties) = preSolution
		HideSolutionNode = FALSE
	EndGlobalSection
	GlobalSection(ExtensibilityGlobals) = postSolution
		SolutionGuid = {84C26885-323D-4BAC-811B-D392AD5451F8}
	EndGlobalSection
EndGlobal
